
Microsoft Visual Studio Solution File, Format Version 12.00
# Visual Studio 2012
Project("{FAE04EC0-301F-11D3-BF4B-00C04F79EFBC}") = "style", "style\style.csproj", "{71E6F20E-FA51-4590-9585-274C85FCFDE3}"
EndProject
Project("{FAE04EC0-301F-11D3-BF4B-00C04F79EFBC}") = "style.Droid", "Droid\style.Droid.csproj", "{5AACEE68-35BC-4FC2-9FD4-CF43383672DE}"
EndProject
Global
	GlobalSection(SolutionConfigurationPlatforms) = preSolution
		Debug|Any CPU = Debug|Any CPU
		Release|Any CPU = Release|Any CPU
	EndGlobalSection
	GlobalSection(ProjectConfigurationPlatforms) = postSolution
		{71E6F20E-FA51-4590-9585-274C85FCFDE3}.Debug|Any CPU.ActiveCfg = Debug|Any CPU
		{71E6F20E-FA51-4590-9585-274C85FCFDE3}.Debug|Any CPU.Build.0 = Debug|Any CPU
		{71E6F20E-FA51-4590-9585-274C85FCFDE3}.Release|Any CPU.ActiveCfg = Release|Any CPU
		{71E6F20E-FA51-4590-9585-274C85FCFDE3}.Release|Any CPU.Build.0 = Release|Any CPU
		{5AACEE68-35BC-4FC2-9FD4-CF43383672DE}.Debug|Any CPU.ActiveCfg = Debug|Any CPU
		{5AACEE68-35BC-4FC2-9FD4-CF43383672DE}.Debug|Any CPU.Build.0 = Debug|Any CPU
		{5AACEE68-35BC-4FC2-9FD4-CF43383672DE}.Release|Any CPU.ActiveCfg = Release|Any CPU
		{5AACEE68-35BC-4FC2-9FD4-CF43383672DE}.Release|Any CPU.Build.0 = Release|Any CPU
	EndGlobalSection
EndGlobal
